{
  "name": "floresql.com",
  "lockfileVersion": 2,
  "requires": true,
  "packages": {
    "": {
      "dependencies": {
        "aos": "^2.3.4",
        "github-activity-feed": "^0.3.0",
        "simple-icons": "^11.12.0",
        "simple-icons-font": "^11.12.0",
        "typed.js": "^2.1.0"
      }
    },
    "node_modules/aos": {
      "version": "2.3.4",
      "resolved": "https://registry.npmjs.org/aos/-/aos-2.3.4.tgz",
      "integrity": "sha512-zh/ahtR2yME4I51z8IttIt4lC1Nw0ktsFtmeDzID1m9naJnWXhCoARaCgNOGXb5CLy3zm+wqmRAEgMYB5E2HUw==",
      "dependencies": {
        "classlist-polyfill": "^1.0.3",
        "lodash.debounce": "^4.0.6",
        "lodash.throttle": "^4.0.1"
      }
    },
    "node_modules/classlist-polyfill": {
      "version": "1.2.0",
      "resolved": "https://registry.npmjs.org/classlist-polyfill/-/classlist-polyfill-1.2.0.tgz",
      "integrity": "sha512-GzIjNdcEtH4ieA2S8NmrSxv7DfEV5fmixQeyTmqmRmRJPGpRBaSnA2a0VrCjyT8iW8JjEdMbKzDotAJf+ajgaQ=="
    },
    "node_modules/github-activity-feed": {
      "version": "0.3.0",
      "resolved": "https://registry.npmjs.org/github-activity-feed/-/github-activity-feed-0.3.0.tgz",
      "integrity": "sha512-/Swj5XpmDpqoMuwRKhNJjy98NHu9rwa77XAUTCAgU4Muboe96byzbaWgJTQwODCgeUyfksKz2A6KWWvDrbhWkw==",
      "dependencies": {
        "mustache": "^4.2.0",
        "octicons": "^4.4.0"
      }
    },
    "node_modules/lodash.debounce": {
      "version": "4.0.8",
      "resolved": "https://registry.npmjs.org/lodash.debounce/-/lodash.debounce-4.0.8.tgz",
      "integrity": "sha512-FT1yDzDYEoYWhnSGnpE/4Kj1fLZkDFyqRb7fNt6FdYOSxlUWAtp42Eh6Wb0rGIv/m9Bgo7x4GhQbm5Ys4SG5ow=="
    },
    "node_modules/lodash.throttle": {
      "version": "4.1.1",
      "resolved": "https://registry.npmjs.org/lodash.throttle/-/lodash.throttle-4.1.1.tgz",
      "integrity": "sha512-wIkUCfVKpVsWo3JSZlc+8MB5it+2AN5W8J7YVMST30UrvcQNZ1Okbj+rbVniijTWE6FGYy4XJq/rHkas8qJMLQ=="
    },
    "node_modules/mustache": {
      "version": "4.2.0",
      "resolved": "https://registry.npmjs.org/mustache/-/mustache-4.2.0.tgz",
      "integrity": "sha512-71ippSywq5Yb7/tVYyGbkBggbU8H3u5Rz56fH60jGFgr8uHwxs+aSKeqmluIVzM0m0kB7xQjKS6qPfd0b2ZoqQ==",
      "bin": {
        "mustache": "bin/mustache"
      }
    },
    "node_modules/octicons": {
      "version": "4.4.0",
      "resolved": "https://registry.npmjs.org/octicons/-/octicons-4.4.0.tgz",
      "integrity": "sha512-I/NKRKeHEbF+8y6VmJw9pcQ6IBXDuu+F8mJYN10dpaZrl95MOxn+9xRiss1SYkIZ5+2p1xbUl7GuWd+8mNZb8Q=="
    },
    "node_modules/simple-icons": {
      "version": "11.12.0",
      "resolved": "https://registry.npmjs.org/simple-icons/-/simple-icons-11.12.0.tgz",
      "integrity": "sha512-atQCGhobuIrxTd4rDGYCip/OZwIW4FYX3PRt4BXAZcbIW71hktvX4sF620T2QJyQsNLAYo3QpiHh8ey2IseA/g==",
      "engines": {
        "node": ">=0.12.18"
      },
      "funding": {
        "type": "opencollective",
        "url": "https://opencollective.com/simple-icons"
      }
    },
    "node_modules/simple-icons-font": {
      "version": "11.12.0",
      "resolved": "https://registry.npmjs.org/simple-icons-font/-/simple-icons-font-11.12.0.tgz",
      "integrity": "sha512-JFdVtHwh5513JklPWwCvFp0EpwOPRhQNUy9/Eaudgfhf0FD6CqN26EvFGiS24WCE2dEG28ZwUpliiZK5QID2gQ==",
      "funding": {
        "type": "opencollective",
        "url": "https://opencollective.com/simple-icons"
      }
    },
    "node_modules/typed.js": {
      "version": "2.1.0",
      "resolved": "https://registry.npmjs.org/typed.js/-/typed.js-2.1.0.tgz",
      "integrity": "sha512-bDuXEf7YcaKN4g08NMTUM6G90XU25CK3bh6U0THC/Mod/QPKlEt9g/EjvbYB8x2Qwr2p6J6I3NrsoYaVnY6wsQ=="
    }
  },
  "dependencies": {
    "aos": {
      "version": "2.3.4",
      "resolved": "https://registry.npmjs.org/aos/-/aos-2.3.4.tgz",
      "integrity": "sha512-zh/ahtR2yME4I51z8IttIt4lC1Nw0ktsFtmeDzID1m9naJnWXhCoARaCgNOGXb5CLy3zm+wqmRAEgMYB5E2HUw==",
      "requires": {
        "classlist-polyfill": "^1.0.3",
        "lodash.debounce": "^4.0.6",
        "lodash.throttle": "^4.0.1"
      }
    },
    "classlist-polyfill": {
      "version": "1.2.0",
      "resolved": "https://registry.npmjs.org/classlist-polyfill/-/classlist-polyfill-1.2.0.tgz",
      "integrity": "sha512-GzIjNdcEtH4ieA2S8NmrSxv7DfEV5fmixQeyTmqmRmRJPGpRBaSnA2a0VrCjyT8iW8JjEdMbKzDotAJf+ajgaQ=="
    },
    "github-activity-feed": {
      "version": "0.3.0",
      "resolved": "https://registry.npmjs.org/github-activity-feed/-/github-activity-feed-0.3.0.tgz",
      "integrity": "sha512-/Swj5XpmDpqoMuwRKhNJjy98NHu9rwa77XAUTCAgU4Muboe96byzbaWgJTQwODCgeUyfksKz2A6KWWvDrbhWkw==",
      "requires": {
        "mustache": "^4.2.0",
        "octicons": "^4.4.0"
      }
    },
    "lodash.debounce": {
      "version": "4.0.8",
      "resolved": "https://registry.npmjs.org/lodash.debounce/-/lodash.debounce-4.0.8.tgz",
      "integrity": "sha512-FT1yDzDYEoYWhnSGnpE/4Kj1fLZkDFyqRb7fNt6FdYOSxlUWAtp42Eh6Wb0rGIv/m9Bgo7x4GhQbm5Ys4SG5ow=="
    },
    "lodash.throttle": {
      "version": "4.1.1",
      "resolved": "https://registry.npmjs.org/lodash.throttle/-/lodash.throttle-4.1.1.tgz",
      "integrity": "sha512-wIkUCfVKpVsWo3JSZlc+8MB5it+2AN5W8J7YVMST30UrvcQNZ1Okbj+rbVniijTWE6FGYy4XJq/rHkas8qJMLQ=="
    },
    "mustache": {
      "version": "4.2.0",
      "resolved": "https://registry.npmjs.org/mustache/-/mustache-4.2.0.tgz",
      "integrity": "sha512-71ippSywq5Yb7/tVYyGbkBggbU8H3u5Rz56fH60jGFgr8uHwxs+aSKeqmluIVzM0m0kB7xQjKS6qPfd0b2ZoqQ=="
    },
    "octicons": {
      "version": "4.4.0",
      "resolved": "https://registry.npmjs.org/octicons/-/octicons-4.4.0.tgz",
      "integrity": "sha512-I/NKRKeHEbF+8y6VmJw9pcQ6IBXDuu+F8mJYN10dpaZrl95MOxn+9xRiss1SYkIZ5+2p1xbUl7GuWd+8mNZb8Q=="
    },
    "simple-icons": {
      "version": "11.12.0",
      "resolved": "https://registry.npmjs.org/simple-icons/-/simple-icons-11.12.0.tgz",
      "integrity": "sha512-atQCGhobuIrxTd4rDGYCip/OZwIW4FYX3PRt4BXAZcbIW71hktvX4sF620T2QJyQsNLAYo3QpiHh8ey2IseA/g=="
    },
    "simple-icons-font": {
      "version": "11.12.0",
      "resolved": "https://registry.npmjs.org/simple-icons-font/-/simple-icons-font-11.12.0.tgz",
      "integrity": "sha512-JFdVtHwh5513JklPWwCvFp0EpwOPRhQNUy9/Eaudgfhf0FD6CqN26EvFGiS24WCE2dEG28ZwUpliiZK5QID2gQ=="
    },
    "typed.js": {
      "version": "2.1.0",
      "resolved": "https://registry.npmjs.org/typed.js/-/typed.js-2.1.0.tgz",
      "integrity": "sha512-bDuXEf7YcaKN4g08NMTUM6G90XU25CK3bh6U0THC/Mod/QPKlEt9g/EjvbYB8x2Qwr2p6J6I3NrsoYaVnY6wsQ=="
    }
  }
}
